
Microsoft Visual Studio Solution File, Format Version 12.00
# Visual Studio 2017
Project("{FAE04EC0-301F-11D3-BF4B-00C04F79EFBC}") = "SpaceShooter!!", "SpaceShooter!!.csproj", "{BE894483-69E9-4EEB-0236-D7EACFCE45FC}"
EndProject
Project("{FAE04EC0-301F-11D3-BF4B-00C04F79EFBC}") = "SpaceShooter!!.Editor", "SpaceShooter!!.Editor.csproj", "{ED8D700C-D5E0-0DE3-9C67-0FAF95467E90}"
EndProject
Global
	GlobalSection(SolutionConfigurationPlatforms) = preSolution
		Debug|Any CPU = Debug|Any CPU
		Release|Any CPU = Release|Any CPU
	EndGlobalSection
	GlobalSection(ProjectConfigurationPlatforms) = postSolution
		{BE894483-69E9-4EEB-0236-D7EACFCE45FC}.Debug|Any CPU.ActiveCfg = Debug|Any CPU
		{BE894483-69E9-4EEB-0236-D7EACFCE45FC}.Debug|Any CPU.Build.0 = Debug|Any CPU
		{BE894483-69E9-4EEB-0236-D7EACFCE45FC}.Release|Any CPU.ActiveCfg = Release|Any CPU
		{BE894483-69E9-4EEB-0236-D7EACFCE45FC}.Release|Any CPU.Build.0 = Release|Any CPU
		{ED8D700C-D5E0-0DE3-9C67-0FAF95467E90}.Debug|Any CPU.ActiveCfg = Debug|Any CPU
		{ED8D700C-D5E0-0DE3-9C67-0FAF95467E90}.Debug|Any CPU.Build.0 = Debug|Any CPU
		{ED8D700C-D5E0-0DE3-9C67-0FAF95467E90}.Release|Any CPU.ActiveCfg = Release|Any CPU
		{ED8D700C-D5E0-0DE3-9C67-0FAF95467E90}.Release|Any CPU.Build.0 = Release|Any CPU
	EndGlobalSection
	GlobalSection(SolutionProperties) = preSolution
		HideSolutionNode = FALSE
	EndGlobalSection
EndGlobal
